
Microsoft Visual Studio Solution File, Format Version 12.00
# Visual Studio Version 16
VisualStudioVersion = 16.0.28809.33
MinimumVisualStudioVersion = 10.0.40219.1
Project("{FAE04EC0-301F-11D3-BF4B-00C04F79EFBC}") = "Dev2", "Dev2\Dev2.csproj", "{1A3C0249-ED75-45D5-89FD-4A8B1E6B364B}"
EndProject
Project("{FAE04EC0-301F-11D3-BF4B-00C04F79EFBC}") = "Dev2Tests", "Dev2Tests\Dev2Tests.csproj", "{BCD89C9E-522B-418E-84D7-1165DEB836E6}"
EndProject
Global
	GlobalSection(SolutionConfigurationPlatforms) = preSolution
		Debug|Any CPU = Debug|Any CPU
		Release|Any CPU = Release|Any CPU
	EndGlobalSection
	GlobalSection(ProjectConfigurationPlatforms) = postSolution
		{1A3C0249-ED75-45D5-89FD-4A8B1E6B364B}.Debug|Any CPU.ActiveCfg = Debug|Any CPU
		{1A3C0249-ED75-45D5-89FD-4A8B1E6B364B}.Debug|Any CPU.Build.0 = Debug|Any CPU
		{1A3C0249-ED75-45D5-89FD-4A8B1E6B364B}.Release|Any CPU.ActiveCfg = Release|Any CPU
		{1A3C0249-ED75-45D5-89FD-4A8B1E6B364B}.Release|Any CPU.Build.0 = Release|Any CPU
		{BCD89C9E-522B-418E-84D7-1165DEB836E6}.Debug|Any CPU.ActiveCfg = Debug|Any CPU
		{BCD89C9E-522B-418E-84D7-1165DEB836E6}.Debug|Any CPU.Build.0 = Debug|Any CPU
		{BCD89C9E-522B-418E-84D7-1165DEB836E6}.Release|Any CPU.ActiveCfg = Release|Any CPU
		{BCD89C9E-522B-418E-84D7-1165DEB836E6}.Release|Any CPU.Build.0 = Release|Any CPU
	EndGlobalSection
	GlobalSection(SolutionProperties) = preSolution
		HideSolutionNode = FALSE
	EndGlobalSection
	GlobalSection(ExtensibilityGlobals) = postSolution
		SolutionGuid = {17D155B8-5011-4786-B4B7-064B0B4BC678}
	EndGlobalSection
EndGlobal
