
Microsoft Visual Studio Solution File, Format Version 12.00
# Visual Studio 15
VisualStudioVersion = 15.0.28307.438
MinimumVisualStudioVersion = 10.0.40219.1
Project("{FAE04EC0-301F-11D3-BF4B-00C04F79EFBC}") = "Dev5", "Dev5\Dev5.csproj", "{C29414E1-43F3-4ADB-B363-DE022FE485EB}"
EndProject
Global
	GlobalSection(SolutionConfigurationPlatforms) = preSolution
		Debug|Any CPU = Debug|Any CPU
		Release|Any CPU = Release|Any CPU
	EndGlobalSection
	GlobalSection(ProjectConfigurationPlatforms) = postSolution
		{C29414E1-43F3-4ADB-B363-DE022FE485EB}.Debug|Any CPU.ActiveCfg = Debug|Any CPU
		{C29414E1-43F3-4ADB-B363-DE022FE485EB}.Debug|Any CPU.Build.0 = Debug|Any CPU
		{C29414E1-43F3-4ADB-B363-DE022FE485EB}.Release|Any CPU.ActiveCfg = Release|Any CPU
		{C29414E1-43F3-4ADB-B363-DE022FE485EB}.Release|Any CPU.Build.0 = Release|Any CPU
	EndGlobalSection
	GlobalSection(SolutionProperties) = preSolution
		HideSolutionNode = FALSE
	EndGlobalSection
	GlobalSection(ExtensibilityGlobals) = postSolution
		SolutionGuid = {77047AE2-752B-4CD8-8FAF-1AAA093351AC}
	EndGlobalSection
EndGlobal
