
Microsoft Visual Studio Solution File, Format Version 12.00
# Visual Studio Version 16
VisualStudioVersion = 16.0.28917.182
MinimumVisualStudioVersion = 10.0.40219.1
Project("{FAE04EC0-301F-11D3-BF4B-00C04F79EFBC}") = "ClassWork9", "ClassWork9\ClassWork9.csproj", "{1A187EED-A982-4CB0-9184-7EE64BC8FEF3}"
EndProject
Global
	GlobalSection(SolutionConfigurationPlatforms) = preSolution
		Debug|Any CPU = Debug|Any CPU
		Release|Any CPU = Release|Any CPU
	EndGlobalSection
	GlobalSection(ProjectConfigurationPlatforms) = postSolution
		{1A187EED-A982-4CB0-9184-7EE64BC8FEF3}.Debug|Any CPU.ActiveCfg = Debug|Any CPU
		{1A187EED-A982-4CB0-9184-7EE64BC8FEF3}.Debug|Any CPU.Build.0 = Debug|Any CPU
		{1A187EED-A982-4CB0-9184-7EE64BC8FEF3}.Release|Any CPU.ActiveCfg = Release|Any CPU
		{1A187EED-A982-4CB0-9184-7EE64BC8FEF3}.Release|Any CPU.Build.0 = Release|Any CPU
	EndGlobalSection
	GlobalSection(SolutionProperties) = preSolution
		HideSolutionNode = FALSE
	EndGlobalSection
	GlobalSection(ExtensibilityGlobals) = postSolution
		SolutionGuid = {DF2670D7-02AB-456F-9E74-9AB6D51FF121}
	EndGlobalSection
EndGlobal
